
Microsoft Visual Studio Solution File, Format Version 12.00
# Visual Studio Version 17
VisualStudioVersion = 17.4.33122.133
MinimumVisualStudioVersion = 10.0.40219.1
Project("{FAE04EC0-301F-11D3-BF4B-00C04F79EFBC}") = "Sudoku", "Sudoku\Sudoku.csproj", "{337A2C56-2275-4E0C-AD6C-7EEA23F8AB1A}"
EndProject
Global
	GlobalSection(SolutionConfigurationPlatforms) = preSolution
		Debug|Any CPU = Debug|Any CPU
		Release|Any CPU = Release|Any CPU
	EndGlobalSection
	GlobalSection(ProjectConfigurationPlatforms) = postSolution
		{337A2C56-2275-4E0C-AD6C-7EEA23F8AB1A}.Debug|Any CPU.ActiveCfg = Debug|Any CPU
		{337A2C56-2275-4E0C-AD6C-7EEA23F8AB1A}.Debug|Any CPU.Build.0 = Debug|Any CPU
		{337A2C56-2275-4E0C-AD6C-7EEA23F8AB1A}.Release|Any CPU.ActiveCfg = Release|Any CPU
		{337A2C56-2275-4E0C-AD6C-7EEA23F8AB1A}.Release|Any CPU.Build.0 = Release|Any CPU
	EndGlobalSection
	GlobalSection(SolutionProperties) = preSolution
		HideSolutionNode = FALSE
	EndGlobalSection
	GlobalSection(ExtensibilityGlobals) = postSolution
		SolutionGuid = {B9DED005-145F-43DB-BBB1-51025B68B54F}
	EndGlobalSection
EndGlobal
